
Microsoft Visual Studio Solution File, Format Version 12.00
# Visual Studio Version 16
VisualStudioVersion = 16.0.29306.81
MinimumVisualStudioVersion = 10.0.40219.1
Project("{FAE04EC0-301F-11D3-BF4B-00C04F79EFBC}") = "AssessedExerciseWeek6", "AssessedExerciseWeek6.csproj", "{413E45F1-DD06-481B-B26E-9FE221EC0A52}"
EndProject
Global
	GlobalSection(SolutionConfigurationPlatforms) = preSolution
		Debug|Any CPU = Debug|Any CPU
		Release|Any CPU = Release|Any CPU
	EndGlobalSection
	GlobalSection(ProjectConfigurationPlatforms) = postSolution
		{413E45F1-DD06-481B-B26E-9FE221EC0A52}.Debug|Any CPU.ActiveCfg = Debug|Any CPU
		{413E45F1-DD06-481B-B26E-9FE221EC0A52}.Debug|Any CPU.Build.0 = Debug|Any CPU
		{413E45F1-DD06-481B-B26E-9FE221EC0A52}.Release|Any CPU.ActiveCfg = Release|Any CPU
		{413E45F1-DD06-481B-B26E-9FE221EC0A52}.Release|Any CPU.Build.0 = Release|Any CPU
	EndGlobalSection
	GlobalSection(SolutionProperties) = preSolution
		HideSolutionNode = FALSE
	EndGlobalSection
	GlobalSection(ExtensibilityGlobals) = postSolution
		SolutionGuid = {3F3BDD4B-3C25-4F47-885B-257D9619D17C}
	EndGlobalSection
EndGlobal
