
Microsoft Visual Studio Solution File, Format Version 12.00
# Visual Studio Version 16
VisualStudioVersion = 16.0.810.16
MinimumVisualStudioVersion = 10.0.40219.1
Project("{FAE04EC0-301F-11D3-BF4B-00C04F79EFBC}") = "TaskA", "TaskA.csproj", "{3C0B4455-7BA3-4562-9A62-7C54E60D8293}"
EndProject
Global
	GlobalSection(SolutionConfigurationPlatforms) = preSolution
		Debug|anycpu = Debug|anycpu
		Release|anycpu = Release|anycpu
	EndGlobalSection
	GlobalSection(ProjectConfigurationPlatforms) = postSolution
		{3C0B4455-7BA3-4562-9A62-7C54E60D8293}.Debug|anycpu.ActiveCfg = Debug|Any CPU
		{3C0B4455-7BA3-4562-9A62-7C54E60D8293}.Debug|anycpu.Build.0 = Debug|Any CPU
		{3C0B4455-7BA3-4562-9A62-7C54E60D8293}.Release|anycpu.ActiveCfg = Release|Any CPU
		{3C0B4455-7BA3-4562-9A62-7C54E60D8293}.Release|anycpu.Build.0 = Release|Any CPU
	EndGlobalSection
	GlobalSection(SolutionProperties) = preSolution
		HideSolutionNode = FALSE
	EndGlobalSection
	GlobalSection(ExtensibilityGlobals) = postSolution
		SolutionGuid = {2DADBCCD-7077-4A08-8363-A081F1D3FB9C}
	EndGlobalSection
EndGlobal
